
Microsoft Visual Studio Solution File, Format Version 12.00
# Visual Studio 15
VisualStudioVersion = 15.0.28307.1062
MinimumVisualStudioVersion = 10.0.40219.1
Project("{2150E333-8FDC-42A3-9474-1A3956D46DE8}") = "Core", "Core", "{43DF156A-4C63-4BFB-8220-DF5A33A4CC0B}"
EndProject
Project("{2150E333-8FDC-42A3-9474-1A3956D46DE8}") = "Presentation", "Presentation", "{377065F4-D8F3-4990-AF44-6DB78BCE6EBE}"
EndProject
Project("{FAE04EC0-301F-11D3-BF4B-00C04F79EFBC}") = "Domain", "Domain\Domain.csproj", "{EA3B8963-EFFA-41FD-82D3-8C5A1C739AF3}"
EndProject
Project("{FAE04EC0-301F-11D3-BF4B-00C04F79EFBC}") = "Infrastructure", "Infrastructure\Infrastructure.csproj", "{3AE6223D-8093-45B1-A3E8-412A9D8874A1}"
EndProject
Project("{FAE04EC0-301F-11D3-BF4B-00C04F79EFBC}") = "Services", "Services\Services.csproj", "{AEF6B85C-CECF-482C-B60E-43C530482FF0}"
EndProject
Project("{FAE04EC0-301F-11D3-BF4B-00C04F79EFBC}") = "Utility", "Utility\Utility.csproj", "{51C65679-3408-4CE8-AA74-06FDFC033726}"
EndProject
Project("{FAE04EC0-301F-11D3-BF4B-00C04F79EFBC}") = "EducationSystem", "EducationSystem\EducationSystem.csproj", "{C9BC5734-D4E7-46F8-8875-D693F52DCD45}"
EndProject
Global
	GlobalSection(SolutionConfigurationPlatforms) = preSolution
		Debug|Any CPU = Debug|Any CPU
		Release|Any CPU = Release|Any CPU
	EndGlobalSection
	GlobalSection(ProjectConfigurationPlatforms) = postSolution
		{EA3B8963-EFFA-41FD-82D3-8C5A1C739AF3}.Debug|Any CPU.ActiveCfg = Debug|Any CPU
		{EA3B8963-EFFA-41FD-82D3-8C5A1C739AF3}.Debug|Any CPU.Build.0 = Debug|Any CPU
		{EA3B8963-EFFA-41FD-82D3-8C5A1C739AF3}.Release|Any CPU.ActiveCfg = Release|Any CPU
		{EA3B8963-EFFA-41FD-82D3-8C5A1C739AF3}.Release|Any CPU.Build.0 = Release|Any CPU
		{3AE6223D-8093-45B1-A3E8-412A9D8874A1}.Debug|Any CPU.ActiveCfg = Debug|Any CPU
		{3AE6223D-8093-45B1-A3E8-412A9D8874A1}.Debug|Any CPU.Build.0 = Debug|Any CPU
		{3AE6223D-8093-45B1-A3E8-412A9D8874A1}.Release|Any CPU.ActiveCfg = Release|Any CPU
		{3AE6223D-8093-45B1-A3E8-412A9D8874A1}.Release|Any CPU.Build.0 = Release|Any CPU
		{AEF6B85C-CECF-482C-B60E-43C530482FF0}.Debug|Any CPU.ActiveCfg = Debug|Any CPU
		{AEF6B85C-CECF-482C-B60E-43C530482FF0}.Debug|Any CPU.Build.0 = Debug|Any CPU
		{AEF6B85C-CECF-482C-B60E-43C530482FF0}.Release|Any CPU.ActiveCfg = Release|Any CPU
		{AEF6B85C-CECF-482C-B60E-43C530482FF0}.Release|Any CPU.Build.0 = Release|Any CPU
		{51C65679-3408-4CE8-AA74-06FDFC033726}.Debug|Any CPU.ActiveCfg = Debug|Any CPU
		{51C65679-3408-4CE8-AA74-06FDFC033726}.Debug|Any CPU.Build.0 = Debug|Any CPU
		{51C65679-3408-4CE8-AA74-06FDFC033726}.Release|Any CPU.ActiveCfg = Release|Any CPU
		{51C65679-3408-4CE8-AA74-06FDFC033726}.Release|Any CPU.Build.0 = Release|Any CPU
		{C9BC5734-D4E7-46F8-8875-D693F52DCD45}.Debug|Any CPU.ActiveCfg = Debug|Any CPU
		{C9BC5734-D4E7-46F8-8875-D693F52DCD45}.Debug|Any CPU.Build.0 = Debug|Any CPU
		{C9BC5734-D4E7-46F8-8875-D693F52DCD45}.Release|Any CPU.ActiveCfg = Release|Any CPU
		{C9BC5734-D4E7-46F8-8875-D693F52DCD45}.Release|Any CPU.Build.0 = Release|Any CPU
	EndGlobalSection
	GlobalSection(SolutionProperties) = preSolution
		HideSolutionNode = FALSE
	EndGlobalSection
	GlobalSection(NestedProjects) = preSolution
		{EA3B8963-EFFA-41FD-82D3-8C5A1C739AF3} = {43DF156A-4C63-4BFB-8220-DF5A33A4CC0B}
		{3AE6223D-8093-45B1-A3E8-412A9D8874A1} = {43DF156A-4C63-4BFB-8220-DF5A33A4CC0B}
		{AEF6B85C-CECF-482C-B60E-43C530482FF0} = {43DF156A-4C63-4BFB-8220-DF5A33A4CC0B}
		{51C65679-3408-4CE8-AA74-06FDFC033726} = {43DF156A-4C63-4BFB-8220-DF5A33A4CC0B}
		{C9BC5734-D4E7-46F8-8875-D693F52DCD45} = {377065F4-D8F3-4990-AF44-6DB78BCE6EBE}
	EndGlobalSection
	GlobalSection(ExtensibilityGlobals) = postSolution
		SolutionGuid = {B3C8396B-F635-4343-B2A8-A05E7BE16ED6}
	EndGlobalSection
EndGlobal
